
Microsoft Visual Studio Solution File, Format Version 12.00
# Visual Studio Version 17
VisualStudioVersion = 17.5.33530.505
MinimumVisualStudioVersion = 10.0.40219.1
Project("{888888A0-9F3D-457C-B088-3A5042F75D52}") = "квазилинейных композициях алгоритмов", "квазилинейных композициях алгоритмов\квазилинейных композициях алгоритмов.pyproj", "{88F6E334-10F7-477D-980A-8C1A8ECCED25}"
EndProject
Global
	GlobalSection(SolutionConfigurationPlatforms) = preSolution
		Debug|Any CPU = Debug|Any CPU
		Release|Any CPU = Release|Any CPU
	EndGlobalSection
	GlobalSection(ProjectConfigurationPlatforms) = postSolution
		{88F6E334-10F7-477D-980A-8C1A8ECCED25}.Debug|Any CPU.ActiveCfg = Debug|Any CPU
		{88F6E334-10F7-477D-980A-8C1A8ECCED25}.Release|Any CPU.ActiveCfg = Release|Any CPU
	EndGlobalSection
	GlobalSection(SolutionProperties) = preSolution
		HideSolutionNode = FALSE
	EndGlobalSection
	GlobalSection(ExtensibilityGlobals) = postSolution
		SolutionGuid = {2144D1EB-C68A-45B1-8F7E-C6FF296DC439}
	EndGlobalSection
EndGlobal
