
Microsoft Visual Studio Solution File, Format Version 12.00
# Visual Studio Version 17
VisualStudioVersion = 17.5.33530.505
MinimumVisualStudioVersion = 10.0.40219.1
Project("{888888A0-9F3D-457C-B088-3A5042F75D52}") = "XGBoost", "XGBoost\XGBoost.pyproj", "{DC746850-B242-4986-8FEF-7CB671174239}"
EndProject
Global
	GlobalSection(SolutionConfigurationPlatforms) = preSolution
		Debug|Any CPU = Debug|Any CPU
		Release|Any CPU = Release|Any CPU
	EndGlobalSection
	GlobalSection(ProjectConfigurationPlatforms) = postSolution
		{DC746850-B242-4986-8FEF-7CB671174239}.Debug|Any CPU.ActiveCfg = Debug|Any CPU
		{DC746850-B242-4986-8FEF-7CB671174239}.Release|Any CPU.ActiveCfg = Release|Any CPU
	EndGlobalSection
	GlobalSection(SolutionProperties) = preSolution
		HideSolutionNode = FALSE
	EndGlobalSection
	GlobalSection(ExtensibilityGlobals) = postSolution
		SolutionGuid = {1F02C1AC-4987-4C3A-A59D-8CE51141A73F}
	EndGlobalSection
EndGlobal
