
Microsoft Visual Studio Solution File, Format Version 12.00
# Visual Studio Version 17
VisualStudioVersion = 17.5.33530.505
MinimumVisualStudioVersion = 10.0.40219.1
Project("{FAE04EC0-301F-11D3-BF4B-00C04F79EFBC}") = "Decisiontree", "Decisiontree\Decisiontree.csproj", "{8567AF68-52F9-4656-AE6B-032C30E40BF9}"
EndProject
Global
	GlobalSection(SolutionConfigurationPlatforms) = preSolution
		Debug|Any CPU = Debug|Any CPU
		Release|Any CPU = Release|Any CPU
	EndGlobalSection
	GlobalSection(ProjectConfigurationPlatforms) = postSolution
		{8567AF68-52F9-4656-AE6B-032C30E40BF9}.Debug|Any CPU.ActiveCfg = Debug|Any CPU
		{8567AF68-52F9-4656-AE6B-032C30E40BF9}.Debug|Any CPU.Build.0 = Debug|Any CPU
		{8567AF68-52F9-4656-AE6B-032C30E40BF9}.Release|Any CPU.ActiveCfg = Release|Any CPU
		{8567AF68-52F9-4656-AE6B-032C30E40BF9}.Release|Any CPU.Build.0 = Release|Any CPU
	EndGlobalSection
	GlobalSection(SolutionProperties) = preSolution
		HideSolutionNode = FALSE
	EndGlobalSection
	GlobalSection(ExtensibilityGlobals) = postSolution
		SolutionGuid = {55BD8D5A-795C-423C-94D8-E8ACAA49C5F1}
	EndGlobalSection
EndGlobal
